
Microsoft Visual Studio Solution File, Format Version 12.00
# Visual Studio Version 17
VisualStudioVersion = 17.4.33213.308
MinimumVisualStudioVersion = 10.0.40219.1
Project("{FAE04EC0-301F-11D3-BF4B-00C04F79EFBC}") = "BlazorServerApp2", "BlazorServerApp2\BlazorServerApp2.csproj", "{AC609469-1BC5-4CFF-9D45-3AC1EDE0B2AD}"
EndProject
Global
	GlobalSection(SolutionConfigurationPlatforms) = preSolution
		Debug|Any CPU = Debug|Any CPU
		Release|Any CPU = Release|Any CPU
	EndGlobalSection
	GlobalSection(ProjectConfigurationPlatforms) = postSolution
		{AC609469-1BC5-4CFF-9D45-3AC1EDE0B2AD}.Debug|Any CPU.ActiveCfg = Debug|Any CPU
		{AC609469-1BC5-4CFF-9D45-3AC1EDE0B2AD}.Debug|Any CPU.Build.0 = Debug|Any CPU
		{AC609469-1BC5-4CFF-9D45-3AC1EDE0B2AD}.Release|Any CPU.ActiveCfg = Release|Any CPU
		{AC609469-1BC5-4CFF-9D45-3AC1EDE0B2AD}.Release|Any CPU.Build.0 = Release|Any CPU
	EndGlobalSection
	GlobalSection(SolutionProperties) = preSolution
		HideSolutionNode = FALSE
	EndGlobalSection
	GlobalSection(ExtensibilityGlobals) = postSolution
		SolutionGuid = {EFC043F7-2763-4FE4-8AC4-A489E6020442}
	EndGlobalSection
EndGlobal
